[[package]]
name = "pydantic"
version = "2.11.4"
[[package]]
name = "pkg0"
version = "1.0.0"
[[package]]
name = "pkg1"
version = "1.0.1"
[[package]]
name = "pkg2"
version = "1.0.2"
[[package]]
name = "pkg3"
version = "1.0.3"
[[package]]
name = "pkg4"
version = "1.0.4"
[[package]]
name = "pkg5"
version = "1.0.5"
[[package]]
name = "pkg6"
version = "1.0.6"
[[package]]
name = "pkg7"
version = "1.0.7"
[[package]]
name = "pkg8"
version = "1.0.8"
[[package]]
name = "pkg9"
version = "1.0.9"
[[package]]
name = "pkg10"
version = "1.0.10"
[[package]]
name = "pkg11"
version = "1.0.11"
[[package]]
name = "pkg12"
version = "1.0.12"
[[package]]
name = "pkg13"
version = "1.0.13"
[[package]]
name = "pkg14"
version = "1.0.14"
[[package]]
name = "pkg15"
version = "1.0.15"
[[package]]
name = "pkg16"
version = "1.0.16"
[[package]]
name = "pkg17"
version = "1.0.17"
[[package]]
name = "pkg18"
version = "1.0.18"
[[package]]
name = "pkg19"
version = "1.0.19"
[[package]]
name = "pkg20"
version = "1.0.20"
[[package]]
name = "pkg21"
version = "1.0.21"
[[package]]
name = "pkg22"
version = "1.0.22"
[[package]]
name = "pkg23"
version = "1.0.23"
[[package]]
name = "pkg24"
version = "1.0.24"
[[package]]
name = "pkg25"
version = "1.0.25"
[[package]]
name = "pkg26"
version = "1.0.26"
[[package]]
name = "pkg27"
version = "1.0.27"
[[package]]
name = "pkg28"
version = "1.0.28"
[[package]]
name = "pkg29"
version = "1.0.29"
[[package]]
name = "pkg30"
version = "1.0.30"
[[package]]
name = "pkg31"
version = "1.0.31"
[[package]]
name = "pkg32"
version = "1.0.32"
[[package]]
name = "pkg33"
version = "1.0.33"
[[package]]
name = "pkg34"
version = "1.0.34"
[[package]]
name = "pkg35"
version = "1.0.35"
[[package]]
name = "pkg36"
version = "1.0.36"
[[package]]
name = "pkg37"
version = "1.0.37"
[[package]]
name = "pkg38"
version = "1.0.38"
[[package]]
name = "pkg39"
version = "1.0.39"
[[package]]
name = "pkg40"
version = "1.0.40"
[[package]]
name = "pkg41"
version = "1.0.41"
[[package]]
name = "pkg42"
version = "1.0.42"
[[package]]
name = "pkg43"
version = "1.0.43"
[[package]]
name = "pkg44"
version = "1.0.44"
[[package]]
name = "pkg45"
version = "1.0.45"
[[package]]
name = "pkg46"
version = "1.0.46"
[[package]]
name = "pkg47"
version = "1.0.47"
[[package]]
name = "pkg48"
version = "1.0.48"
[[package]]
name = "pkg49"
version = "1.0.49"
[[package]]
name = "pkg50"
version = "1.0.50"
[[package]]
name = "pkg51"
version = "1.0.51"
[[package]]
name = "pkg52"
version = "1.0.52"
[[package]]
name = "pkg53"
version = "1.0.53"
[[package]]
name = "pkg54"
version = "1.0.54"
[[package]]
name = "pkg55"
version = "1.0.55"
[[package]]
name = "pkg56"
version = "1.0.56"
[[package]]
name = "pkg57"
version = "1.0.57"
[[package]]
name = "pkg58"
version = "1.0.58"
[[package]]
name = "pkg59"
version = "1.0.59"